
Microsoft Visual Studio Solution File, Format Version 12.00
# Visual Studio 15
VisualStudioVersion = 15.0.28307.329
MinimumVisualStudioVersion = 10.0.40219.1
Project("{FAE04EC0-301F-11D3-BF4B-00C04F79EFBC}") = "SampleAsp.NetWebProject", "SampleAsp.NetWebProject\SampleAsp.NetWebProject.csproj", "{35A37330-922C-4DAA-91CF-D3E2E84F5CE2}"
EndProject
Global
	GlobalSection(SolutionConfigurationPlatforms) = preSolution
		Debug|Any CPU = Debug|Any CPU
		Release|Any CPU = Release|Any CPU
	EndGlobalSection
	GlobalSection(ProjectConfigurationPlatforms) = postSolution
		{35A37330-922C-4DAA-91CF-D3E2E84F5CE2}.Debug|Any CPU.ActiveCfg = Debug|Any CPU
		{35A37330-922C-4DAA-91CF-D3E2E84F5CE2}.Debug|Any CPU.Build.0 = Debug|Any CPU
		{35A37330-922C-4DAA-91CF-D3E2E84F5CE2}.Release|Any CPU.ActiveCfg = Release|Any CPU
		{35A37330-922C-4DAA-91CF-D3E2E84F5CE2}.Release|Any CPU.Build.0 = Release|Any CPU
	EndGlobalSection
	GlobalSection(SolutionProperties) = preSolution
		HideSolutionNode = FALSE
	EndGlobalSection
	GlobalSection(ExtensibilityGlobals) = postSolution
		SolutionGuid = {6E938A72-96AD-44DE-8F9F-6E96C618E841}
	EndGlobalSection
EndGlobal
